
Microsoft Visual Studio Solution File, Format Version 12.00
# Visual Studio Version 16
VisualStudioVersion = 16.0.30406.217
MinimumVisualStudioVersion = 10.0.40219.1
Project("{8BC9CEB8-8B4A-11D0-8D11-00A0C91BC942}") = "for.8", "for.8.vcxproj", "{8178907B-3A85-4DE3-921A-4368D1C4422E}"
EndProject
Global
	GlobalSection(SolutionConfigurationPlatforms) = preSolution
		Debug|x64 = Debug|x64
		Debug|x86 = Debug|x86
		Release|x64 = Release|x64
		Release|x86 = Release|x86
	EndGlobalSection
	GlobalSection(ProjectConfigurationPlatforms) = postSolution
		{8178907B-3A85-4DE3-921A-4368D1C4422E}.Debug|x64.ActiveCfg = Debug|x64
		{8178907B-3A85-4DE3-921A-4368D1C4422E}.Debug|x64.Build.0 = Debug|x64
		{8178907B-3A85-4DE3-921A-4368D1C4422E}.Debug|x86.ActiveCfg = Debug|Win32
		{8178907B-3A85-4DE3-921A-4368D1C4422E}.Debug|x86.Build.0 = Debug|Win32
		{8178907B-3A85-4DE3-921A-4368D1C4422E}.Release|x64.ActiveCfg = Release|x64
		{8178907B-3A85-4DE3-921A-4368D1C4422E}.Release|x64.Build.0 = Release|x64
		{8178907B-3A85-4DE3-921A-4368D1C4422E}.Release|x86.ActiveCfg = Release|Win32
		{8178907B-3A85-4DE3-921A-4368D1C4422E}.Release|x86.Build.0 = Release|Win32
	EndGlobalSection
	GlobalSection(SolutionProperties) = preSolution
		HideSolutionNode = FALSE
	EndGlobalSection
	GlobalSection(ExtensibilityGlobals) = postSolution
		SolutionGuid = {E252A3F3-EB61-4DB1-A01B-D3345C618761}
	EndGlobalSection
EndGlobal
