
Microsoft Visual Studio Solution File, Format Version 12.00
# Visual Studio Version 16
VisualStudioVersion = 16.0.30406.217
MinimumVisualStudioVersion = 10.0.40219.1
Project("{8BC9CEB8-8B4A-11D0-8D11-00A0C91BC942}") = "arr.1", "arr.1.vcxproj", "{F49B8FDB-1955-42A1-BB83-8BF0D5F5BE07}"
EndProject
Global
	GlobalSection(SolutionConfigurationPlatforms) = preSolution
		Debug|x64 = Debug|x64
		Debug|x86 = Debug|x86
		Release|x64 = Release|x64
		Release|x86 = Release|x86
	EndGlobalSection
	GlobalSection(ProjectConfigurationPlatforms) = postSolution
		{F49B8FDB-1955-42A1-BB83-8BF0D5F5BE07}.Debug|x64.ActiveCfg = Debug|x64
		{F49B8FDB-1955-42A1-BB83-8BF0D5F5BE07}.Debug|x64.Build.0 = Debug|x64
		{F49B8FDB-1955-42A1-BB83-8BF0D5F5BE07}.Debug|x86.ActiveCfg = Debug|Win32
		{F49B8FDB-1955-42A1-BB83-8BF0D5F5BE07}.Debug|x86.Build.0 = Debug|Win32
		{F49B8FDB-1955-42A1-BB83-8BF0D5F5BE07}.Release|x64.ActiveCfg = Release|x64
		{F49B8FDB-1955-42A1-BB83-8BF0D5F5BE07}.Release|x64.Build.0 = Release|x64
		{F49B8FDB-1955-42A1-BB83-8BF0D5F5BE07}.Release|x86.ActiveCfg = Release|Win32
		{F49B8FDB-1955-42A1-BB83-8BF0D5F5BE07}.Release|x86.Build.0 = Release|Win32
	EndGlobalSection
	GlobalSection(SolutionProperties) = preSolution
		HideSolutionNode = FALSE
	EndGlobalSection
	GlobalSection(ExtensibilityGlobals) = postSolution
		SolutionGuid = {9BD8C169-7D3B-4304-998D-0BE322674480}
	EndGlobalSection
EndGlobal
