
Microsoft Visual Studio Solution File, Format Version 12.00
# Visual Studio Version 16
VisualStudioVersion = 16.0.30517.126
MinimumVisualStudioVersion = 10.0.40219.1
Project("{8BC9CEB8-8B4A-11D0-8D11-00A0C91BC942}") = "vector", "vector.vcxproj", "{A9C60530-8129-40E7-B8E6-3CB358E4D275}"
EndProject
Global
	GlobalSection(SolutionConfigurationPlatforms) = preSolution
		Debug|x64 = Debug|x64
		Debug|x86 = Debug|x86
		Release|x64 = Release|x64
		Release|x86 = Release|x86
	EndGlobalSection
	GlobalSection(ProjectConfigurationPlatforms) = postSolution
		{A9C60530-8129-40E7-B8E6-3CB358E4D275}.Debug|x64.ActiveCfg = Debug|x64
		{A9C60530-8129-40E7-B8E6-3CB358E4D275}.Debug|x64.Build.0 = Debug|x64
		{A9C60530-8129-40E7-B8E6-3CB358E4D275}.Debug|x86.ActiveCfg = Debug|Win32
		{A9C60530-8129-40E7-B8E6-3CB358E4D275}.Debug|x86.Build.0 = Debug|Win32
		{A9C60530-8129-40E7-B8E6-3CB358E4D275}.Release|x64.ActiveCfg = Release|x64
		{A9C60530-8129-40E7-B8E6-3CB358E4D275}.Release|x64.Build.0 = Release|x64
		{A9C60530-8129-40E7-B8E6-3CB358E4D275}.Release|x86.ActiveCfg = Release|Win32
		{A9C60530-8129-40E7-B8E6-3CB358E4D275}.Release|x86.Build.0 = Release|Win32
	EndGlobalSection
	GlobalSection(SolutionProperties) = preSolution
		HideSolutionNode = FALSE
	EndGlobalSection
	GlobalSection(ExtensibilityGlobals) = postSolution
		SolutionGuid = {9D83A867-78E9-45F0-972B-743DA75B92DB}
	EndGlobalSection
EndGlobal
