
Microsoft Visual Studio Solution File, Format Version 12.00
# Visual Studio Version 16
VisualStudioVersion = 16.0.30517.126
MinimumVisualStudioVersion = 10.0.40219.1
Project("{8BC9CEB8-8B4A-11D0-8D11-00A0C91BC942}") = "Ex1", "Ex1.vcxproj", "{31F2BC2A-0D08-4084-9D9D-16971D14F4B9}"
EndProject
Global
	GlobalSection(SolutionConfigurationPlatforms) = preSolution
		Debug|x64 = Debug|x64
		Debug|x86 = Debug|x86
		Release|x64 = Release|x64
		Release|x86 = Release|x86
	EndGlobalSection
	GlobalSection(ProjectConfigurationPlatforms) = postSolution
		{31F2BC2A-0D08-4084-9D9D-16971D14F4B9}.Debug|x64.ActiveCfg = Debug|x64
		{31F2BC2A-0D08-4084-9D9D-16971D14F4B9}.Debug|x64.Build.0 = Debug|x64
		{31F2BC2A-0D08-4084-9D9D-16971D14F4B9}.Debug|x86.ActiveCfg = Debug|Win32
		{31F2BC2A-0D08-4084-9D9D-16971D14F4B9}.Debug|x86.Build.0 = Debug|Win32
		{31F2BC2A-0D08-4084-9D9D-16971D14F4B9}.Release|x64.ActiveCfg = Release|x64
		{31F2BC2A-0D08-4084-9D9D-16971D14F4B9}.Release|x64.Build.0 = Release|x64
		{31F2BC2A-0D08-4084-9D9D-16971D14F4B9}.Release|x86.ActiveCfg = Release|Win32
		{31F2BC2A-0D08-4084-9D9D-16971D14F4B9}.Release|x86.Build.0 = Release|Win32
	EndGlobalSection
	GlobalSection(SolutionProperties) = preSolution
		HideSolutionNode = FALSE
	EndGlobalSection
	GlobalSection(ExtensibilityGlobals) = postSolution
		SolutionGuid = {9E5D7706-15E4-4DCC-8954-CED5107E46E1}
	EndGlobalSection
EndGlobal
